# This file is automatically @generated by Cargo.
# It is not intended for manual editing.
version = 4

[[package]]
name = "openwork-cli"
version = "0.1.0"

[[package]]
name = "openwork-config"
version = "0.1.0"

[[package]]
name = "openwork-core"
version = "0.1.0"

[[package]]
name = "openwork-doctor"
version = "0.1.0"

[[package]]
name = "openwork-installer"
version = "0.1.0"

[[package]]
name = "openwork-platform"
version = "0.1.0"

[[package]]
name = "openwork-runtime"
version = "0.1.0"
